// !$*UTF8*$!
{
	archiveVersion = 1;
	classes = {
	};
	objectVersion = 56;
	objects = {

/* Begin PBXBuildFile section */
		935C0E0C2AF2789F0076D79A /* Helper.swift in Sources */ = {isa = PBXBuildFile; fileRef = 935C0E0B2AF2789F0076D79A /* Helper.swift */; };
		935C0E0F2AF2792B0076D79A /* OmdbModel.swift in Sources */ = {isa = PBXBuildFile; fileRef = 935C0E0E2AF2792B0076D79A /* OmdbModel.swift */; };
		935C0E122AF27B390076D79A /* HomeViewController.swift in Sources */ = {isa = PBXBuildFile; fileRef = 935C0E112AF27B390076D79A /* HomeViewController.swift */; };
		935C0E142AF27B570076D79A /* DetailsViewController.swift in Sources */ = {isa = PBXBuildFile; fileRef = 935C0E132AF27B570076D79A /* DetailsViewController.swift */; };
		935C0E172AF27E020076D79A /* Main.storyboard in Resources */ = {isa = PBXBuildFile; fileRef = 935C0E162AF27E020076D79A /* Main.storyboard */; };
		93A337262AF0F2D900D87D16 /* AppDelegate.swift in Sources */ = {isa = PBXBuildFile; fileRef = 93A337252AF0F2D900D87D16 /* AppDelegate.swift */; };
		93A337282AF0F2D900D87D16 /* SceneDelegate.swift in Sources */ = {isa = PBXBuildFile; fileRef = 93A337272AF0F2D900D87D16 /* SceneDelegate.swift */; };
		93A3372F2AF0F2DA00D87D16 /* Assets.xcassets in Resources */ = {isa = PBXBuildFile; fileRef = 93A3372E2AF0F2DA00D87D16 /* Assets.xcassets */; };
		93A337322AF0F2DA00D87D16 /* LaunchScreen.storyboard in Resources */ = {isa = PBXBuildFile; fileRef = 93A337302AF0F2DA00D87D16 /* LaunchScreen.storyboard */; };
		93A3373D2AF0F2DA00D87D16 /* Movie_Poster_AppTests.swift in Sources */ = {isa = PBXBuildFile; fileRef = 93A3373C2AF0F2DA00D87D16 /* Movie_Poster_AppTests.swift */; };
		93A337472AF0F2DA00D87D16 /* Movie_Poster_AppUITests.swift in Sources */ = {isa = PBXBuildFile; fileRef = 93A337462AF0F2DA00D87D16 /* Movie_Poster_AppUITests.swift */; };
		93A337492AF0F2DA00D87D16 /* Movie_Poster_AppUITestsLaunchTests.swift in Sources */ = {isa = PBXBuildFile; fileRef = 93A337482AF0F2DA00D87D16 /* Movie_Poster_AppUITestsLaunchTests.swift */; };
		93A3375D2AF0F59500D87D16 /* ServiceRequest.swift in Sources */ = {isa = PBXBuildFile; fileRef = 93A3375C2AF0F59500D87D16 /* ServiceRequest.swift */; };
/* End PBXBuildFile section */

/* Begin PBXContainerItemProxy section */
		93A337392AF0F2DA00D87D16 /* PBXContainerItemProxy */ = {
			isa = PBXContainerItemProxy;
			containerPortal = 93A3371A2AF0F2D800D87D16 /* Project object */;
			proxyType = 1;
			remoteGlobalIDString = 93A337212AF0F2D900D87D16;
			remoteInfo = "Movie Poster App";
		};
		93A337432AF0F2DA00D87D16 /* PBXContainerItemProxy */ = {
			isa = PBXContainerItemProxy;
			containerPortal = 93A3371A2AF0F2D800D87D16 /* Project object */;
			proxyType = 1;
			remoteGlobalIDString = 93A337212AF0F2D900D87D16;
			remoteInfo = "Movie Poster App";
		};
/* End PBXContainerItemProxy section */

/* Begin PBXFileReference section */
		935C0E0B2AF2789F0076D79A /* Helper.swift */ = {isa = PBXFileReference; lastKnownFileType = sourcecode.swift; path = Helper.swift; sourceTree = "<group>"; };
		935C0E0E2AF2792B0076D79A /* OmdbModel.swift */ = {isa = PBXFileReference; lastKnownFileType = sourcecode.swift; path = OmdbModel.swift; sourceTree = "<group>"; };
		935C0E112AF27B390076D79A /* HomeViewController.swift */ = {isa = PBXFileReference; lastKnownFileType = sourcecode.swift; path = HomeViewController.swift; sourceTree = "<group>"; };
		935C0E132AF27B570076D79A /* DetailsViewController.swift */ = {isa = PBXFileReference; lastKnownFileType = sourcecode.swift; path = DetailsViewController.swift; sourceTree = "<group>"; };
		935C0E162AF27E020076D79A /* Main.storyboard */ = {isa = PBXFileReference; lastKnownFileType = file.storyboard; path = Main.storyboard; sourceTree = "<group>"; };
		93A337222AF0F2D900D87D16 /* Movie Poster App.app */ = {isa = PBXFileReference; explicitFileType = wrapper.application; includeInIndex = 0; path = "Movie Poster App.app"; sourceTree = BUILT_PRODUCTS_DIR; };
		93A337252AF0F2D900D87D16 /* AppDelegate.swift */ = {isa = PBXFileReference; lastKnownFileType = sourcecode.swift; path = AppDelegate.swift; sourceTree = "<group>"; };
		93A337272AF0F2D900D87D16 /* SceneDelegate.swift */ = {isa = PBXFileReference; lastKnownFileType = sourcecode.swift; path = SceneDelegate.swift; sourceTree = "<group>"; };
		93A3372E2AF0F2DA00D87D16 /* Assets.xcassets */ = {isa = PBXFileReference; lastKnownFileType = folder.assetcatalog; path = Assets.xcassets; sourceTree = "<group>"; };
		93A337312AF0F2DA00D87D16 /* Base */ = {isa = PBXFileReference; lastKnownFileType = file.storyboard; name = Base; path = Base.lproj/LaunchScreen.storyboard; sourceTree = "<group>"; };
		93A337332AF0F2DA00D87D16 /* Info.plist */ = {isa = PBXFileReference; lastKnownFileType = text.plist.xml; path = Info.plist; sourceTree = "<group>"; };
		93A337382AF0F2DA00D87D16 /* Movie Poster AppTests.xctest */ = {isa = PBXFileReference; explicitFileType = wrapper.cfbundle; includeInIndex = 0; path = "Movie Poster AppTests.xctest"; sourceTree = BUILT_PRODUCTS_DIR; };
		93A3373C2AF0F2DA00D87D16 /* Movie_Poster_AppTests.swift */ = {isa = PBXFileReference; lastKnownFileType = sourcecode.swift; path = Movie_Poster_AppTests.swift; sourceTree = "<group>"; };
		93A337422AF0F2DA00D87D16 /* Movie Poster AppUITests.xctest */ = {isa = PBXFileReference; explicitFileType = wrapper.cfbundle; includeInIndex = 0; path = "Movie Poster AppUITests.xctest"; sourceTree = BUILT_PRODUCTS_DIR; };
		93A337462AF0F2DA00D87D16 /* Movie_Poster_AppUITests.swift */ = {isa = PBXFileReference; lastKnownFileType = sourcecode.swift; path = Movie_Poster_AppUITests.swift; sourceTree = "<group>"; };
		93A337482AF0F2DA00D87D16 /* Movie_Poster_AppUITestsLaunchTests.swift */ = {isa = PBXFileReference; lastKnownFileType = sourcecode.swift; path = Movie_Poster_AppUITestsLaunchTests.swift; sourceTree = "<group>"; };
		93A3375C2AF0F59500D87D16 /* ServiceRequest.swift */ = {isa = PBXFileReference; lastKnownFileType = sourcecode.swift; path = ServiceRequest.swift; sourceTree = "<group>"; };
/* End PBXFileReference section */

/* Begin PBXFrameworksBuildPhase section */
		93A3371F2AF0F2D900D87D16 /* Frameworks */ = {
			isa = PBXFrameworksBuildPhase;
			buildActionMask = 2147483647;
			files = (
			);
			runOnlyForDeploymentPostprocessing = 0;
		};
		93A337352AF0F2DA00D87D16 /* Frameworks */ = {
			isa = PBXFrameworksBuildPhase;
			buildActionMask = 2147483647;
			files = (
			);
			runOnlyForDeploymentPostprocessing = 0;
		};
		93A3373F2AF0F2DA00D87D16 /* Frameworks */ = {
			isa = PBXFrameworksBuildPhase;
			buildActionMask = 2147483647;
			files = (
			);
			runOnlyForDeploymentPostprocessing = 0;
		};
/* End PBXFrameworksBuildPhase section */

/* Begin PBXGroup section */
		935C0E0D2AF2791A0076D79A /* Model */ = {
			isa = PBXGroup;
			children = (
				935C0E0E2AF2792B0076D79A /* OmdbModel.swift */,
			);
			path = Model;
			sourceTree = "<group>";
		};
		935C0E152AF27B960076D79A /* ViewControllers */ = {
			isa = PBXGroup;
			children = (
				935C0E112AF27B390076D79A /* HomeViewController.swift */,
				935C0E132AF27B570076D79A /* DetailsViewController.swift */,
			);
			path = ViewControllers;
			sourceTree = "<group>";
		};
		93A337192AF0F2D800D87D16 = {
			isa = PBXGroup;
			children = (
				93A337242AF0F2D900D87D16 /* Movie Poster App */,
				93A3373B2AF0F2DA00D87D16 /* Movie Poster AppTests */,
				93A337452AF0F2DA00D87D16 /* Movie Poster AppUITests */,
				93A337232AF0F2D900D87D16 /* Products */,
			);
			sourceTree = "<group>";
		};
		93A337232AF0F2D900D87D16 /* Products */ = {
			isa = PBXGroup;
			children = (
				93A337222AF0F2D900D87D16 /* Movie Poster App.app */,
				93A337382AF0F2DA00D87D16 /* Movie Poster AppTests.xctest */,
				93A337422AF0F2DA00D87D16 /* Movie Poster AppUITests.xctest */,
			);
			name = Products;
			sourceTree = "<group>";
		};
		93A337242AF0F2D900D87D16 /* Movie Poster App */ = {
			isa = PBXGroup;
			children = (
				93A337562AF0F48F00D87D16 /* App Controlls */,
				93A337592AF0F4AD00D87D16 /* Service Manager */,
				935C0E0D2AF2791A0076D79A /* Model */,
				935C0E152AF27B960076D79A /* ViewControllers */,
				93A337552AF0F48800D87D16 /* Helper */,
				93A3372E2AF0F2DA00D87D16 /* Assets.xcassets */,
				935C0E162AF27E020076D79A /* Main.storyboard */,
				93A337302AF0F2DA00D87D16 /* LaunchScreen.storyboard */,
				93A337332AF0F2DA00D87D16 /* Info.plist */,
			);
			path = "Movie Poster App";
			sourceTree = "<group>";
		};
		93A3373B2AF0F2DA00D87D16 /* Movie Poster AppTests */ = {
			isa = PBXGroup;
			children = (
				93A3373C2AF0F2DA00D87D16 /* Movie_Poster_AppTests.swift */,
			);
			path = "Movie Poster AppTests";
			sourceTree = "<group>";
		};
		93A337452AF0F2DA00D87D16 /* Movie Poster AppUITests */ = {
			isa = PBXGroup;
			children = (
				93A337462AF0F2DA00D87D16 /* Movie_Poster_AppUITests.swift */,
				93A337482AF0F2DA00D87D16 /* Movie_Poster_AppUITestsLaunchTests.swift */,
			);
			path = "Movie Poster AppUITests";
			sourceTree = "<group>";
		};
		93A337552AF0F48800D87D16 /* Helper */ = {
			isa = PBXGroup;
			children = (
				935C0E0B2AF2789F0076D79A /* Helper.swift */,
			);
			path = Helper;
			sourceTree = "<group>";
		};
		93A337562AF0F48F00D87D16 /* App Controlls */ = {
			isa = PBXGroup;
			children = (
				93A337252AF0F2D900D87D16 /* AppDelegate.swift */,
				93A337272AF0F2D900D87D16 /* SceneDelegate.swift */,
			);
			path = "App Controlls";
			sourceTree = "<group>";
		};
		93A337592AF0F4AD00D87D16 /* Service Manager */ = {
			isa = PBXGroup;
			children = (
				93A3375C2AF0F59500D87D16 /* ServiceRequest.swift */,
			);
			path = "Service Manager";
			sourceTree = "<group>";
		};
/* End PBXGroup section */

/* Begin PBXNativeTarget section */
		93A337212AF0F2D900D87D16 /* Movie Poster App */ = {
			isa = PBXNativeTarget;
			buildConfigurationList = 93A3374C2AF0F2DA00D87D16 /* Build configuration list for PBXNativeTarget "Movie Poster App" */;
			buildPhases = (
				93A3371E2AF0F2D900D87D16 /* Sources */,
				93A3371F2AF0F2D900D87D16 /* Frameworks */,
				93A337202AF0F2D900D87D16 /* Resources */,
			);
			buildRules = (
			);
			dependencies = (
			);
			name = "Movie Poster App";
			productName = "Movie Poster App";
			productReference = 93A337222AF0F2D900D87D16 /* Movie Poster App.app */;
			productType = "com.apple.product-type.application";
		};
		93A337372AF0F2DA00D87D16 /* Movie Poster AppTests */ = {
			isa = PBXNativeTarget;
			buildConfigurationList = 93A3374F2AF0F2DA00D87D16 /* Build configuration list for PBXNativeTarget "Movie Poster AppTests" */;
			buildPhases = (
				93A337342AF0F2DA00D87D16 /* Sources */,
				93A337352AF0F2DA00D87D16 /* Frameworks */,
				93A337362AF0F2DA00D87D16 /* Resources */,
			);
			buildRules = (
			);
			dependencies = (
				93A3373A2AF0F2DA00D87D16 /* PBXTargetDependency */,
			);
			name = "Movie Poster AppTests";
			productName = "Movie Poster AppTests";
			productReference = 93A337382AF0F2DA00D87D16 /* Movie Poster AppTests.xctest */;
			productType = "com.apple.product-type.bundle.unit-test";
		};
		93A337412AF0F2DA00D87D16 /* Movie Poster AppUITests */ = {
			isa = PBXNativeTarget;
			buildConfigurationList = 93A337522AF0F2DA00D87D16 /* Build configuration list for PBXNativeTarget "Movie Poster AppUITests" */;
			buildPhases = (
				93A3373E2AF0F2DA00D87D16 /* Sources */,
				93A3373F2AF0F2DA00D87D16 /* Frameworks */,
				93A337402AF0F2DA00D87D16 /* Resources */,
			);
			buildRules = (
			);
			dependencies = (
				93A337442AF0F2DA00D87D16 /* PBXTargetDependency */,
			);
			name = "Movie Poster AppUITests";
			productName = "Movie Poster AppUITests";
			productReference = 93A337422AF0F2DA00D87D16 /* Movie Poster AppUITests.xctest */;
			productType = "com.apple.product-type.bundle.ui-testing";
		};
/* End PBXNativeTarget section */

/* Begin PBXProject section */
		93A3371A2AF0F2D800D87D16 /* Project object */ = {
			isa = PBXProject;
			attributes = {
				BuildIndependentTargetsInParallel = 1;
				LastSwiftUpdateCheck = 1500;
				LastUpgradeCheck = 1500;
				TargetAttributes = {
					93A337212AF0F2D900D87D16 = {
						CreatedOnToolsVersion = 15.0.1;
					};
					93A337372AF0F2DA00D87D16 = {
						CreatedOnToolsVersion = 15.0.1;
						TestTargetID = 93A337212AF0F2D900D87D16;
					};
					93A337412AF0F2DA00D87D16 = {
						CreatedOnToolsVersion = 15.0.1;
						TestTargetID = 93A337212AF0F2D900D87D16;
					};
				};
			};
			buildConfigurationList = 93A3371D2AF0F2D800D87D16 /* Build configuration list for PBXProject "Movie Poster App" */;
			compatibilityVersion = "Xcode 14.0";
			developmentRegion = en;
			hasScannedForEncodings = 0;
			knownRegions = (
				en,
				Base,
			);
			mainGroup = 93A337192AF0F2D800D87D16;
			productRefGroup = 93A337232AF0F2D900D87D16 /* Products */;
			projectDirPath = "";
			projectRoot = "";
			targets = (
				93A337212AF0F2D900D87D16 /* Movie Poster App */,
				93A337372AF0F2DA00D87D16 /* Movie Poster AppTests */,
				93A337412AF0F2DA00D87D16 /* Movie Poster AppUITests */,
			);
		};
/* End PBXProject section */

/* Begin PBXResourcesBuildPhase section */
		93A337202AF0F2D900D87D16 /* Resources */ = {
			isa = PBXResourcesBuildPhase;
			buildActionMask = 2147483647;
			files = (
				935C0E172AF27E020076D79A /* Main.storyboard in Resources */,
				93A337322AF0F2DA00D87D16 /* LaunchScreen.storyboard in Resources */,
				93A3372F2AF0F2DA00D87D16 /* Assets.xcassets in Resources */,
			);
			runOnlyForDeploymentPostprocessing = 0;
		};
		93A337362AF0F2DA00D87D16 /* Resources */ = {
			isa = PBXResourcesBuildPhase;
			buildActionMask = 2147483647;
			files = (
			);
			runOnlyForDeploymentPostprocessing = 0;
		};
		93A337402AF0F2DA00D87D16 /* Resources */ = {
			isa = PBXResourcesBuildPhase;
			buildActionMask = 2147483647;
			files = (
			);
			runOnlyForDeploymentPostprocessing = 0;
		};
/* End PBXResourcesBuildPhase section */

/* Begin PBXSourcesBuildPhase section */
		93A3371E2AF0F2D900D87D16 /* Sources */ = {
			isa = PBXSourcesBuildPhase;
			buildActionMask = 2147483647;
			files = (
				93A337262AF0F2D900D87D16 /* AppDelegate.swift in Sources */,
				93A3375D2AF0F59500D87D16 /* ServiceRequest.swift in Sources */,
				93A337282AF0F2D900D87D16 /* SceneDelegate.swift in Sources */,
				935C0E0C2AF2789F0076D79A /* Helper.swift in Sources */,
				935C0E142AF27B570076D79A /* DetailsViewController.swift in Sources */,
				935C0E0F2AF2792B0076D79A /* OmdbModel.swift in Sources */,
				935C0E122AF27B390076D79A /* HomeViewController.swift in Sources */,
			);
			runOnlyForDeploymentPostprocessing = 0;
		};
		93A337342AF0F2DA00D87D16 /* Sources */ = {
			isa = PBXSourcesBuildPhase;
			buildActionMask = 2147483647;
			files = (
				93A3373D2AF0F2DA00D87D16 /* Movie_Poster_AppTests.swift in Sources */,
			);
			runOnlyForDeploymentPostprocessing = 0;
		};
		93A3373E2AF0F2DA00D87D16 /* Sources */ = {
			isa = PBXSourcesBuildPhase;
			buildActionMask = 2147483647;
			files = (
				93A337492AF0F2DA00D87D16 /* Movie_Poster_AppUITestsLaunchTests.swift in Sources */,
				93A337472AF0F2DA00D87D16 /* Movie_Poster_AppUITests.swift in Sources */,
			);
			runOnlyForDeploymentPostprocessing = 0;
		};
/* End PBXSourcesBuildPhase section */

/* Begin PBXTargetDependency section */
		93A3373A2AF0F2DA00D87D16 /* PBXTargetDependency */ = {
			isa = PBXTargetDependency;
			target = 93A337212AF0F2D900D87D16 /* Movie Poster App */;
			targetProxy = 93A337392AF0F2DA00D87D16 /* PBXContainerItemProxy */;
		};
		93A337442AF0F2DA00D87D16 /* PBXTargetDependency */ = {
			isa = PBXTargetDependency;
			target = 93A337212AF0F2D900D87D16 /* Movie Poster App */;
			targetProxy = 93A337432AF0F2DA00D87D16 /* PBXContainerItemProxy */;
		};
/* End PBXTargetDependency section */

/* Begin PBXVariantGroup section */
		93A337302AF0F2DA00D87D16 /* LaunchScreen.storyboard */ = {
			isa = PBXVariantGroup;
			children = (
				93A337312AF0F2DA00D87D16 /* Base */,
			);
			name = LaunchScreen.storyboard;
			sourceTree = "<group>";
		};
/* End PBXVariantGroup section */

/* Begin XCBuildConfiguration section */
		93A3374A2AF0F2DA00D87D16 /* Debug */ = {
			isa = XCBuildConfiguration;
			buildSettings = {
				ALWAYS_SEARCH_USER_PATHS = NO;
				ASSETCATALOG_COMPILER_GENERATE_SWIFT_ASSET_SYMBOL_EXTENSIONS = YES;
				CLANG_ANALYZER_NONNULL = YES;
				CLANG_ANALYZER_NUMBER_OBJECT_CONVERSION = YES_AGGRESSIVE;
				CLANG_CXX_LANGUAGE_STANDARD = "gnu++20";
				CLANG_ENABLE_MODULES = YES;
				CLANG_ENABLE_OBJC_ARC = YES;
				CLANG_ENABLE_OBJC_WEAK = YES;
				CLANG_WARN_BLOCK_CAPTURE_AUTORELEASING = YES;
				CLANG_WARN_BOOL_CONVERSION = YES;
				CLANG_WARN_COMMA = YES;
				CLANG_WARN_CONSTANT_CONVERSION = YES;
				CLANG_WARN_DEPRECATED_OBJC_IMPLEMENTATIONS = YES;
				CLANG_WARN_DIRECT_OBJC_ISA_USAGE = YES_ERROR;
				CLANG_WARN_DOCUMENTATION_COMMENTS = YES;
				CLANG_WARN_EMPTY_BODY = YES;
				CLANG_WARN_ENUM_CONVERSION = YES;
				CLANG_WARN_INFINITE_RECURSION = YES;
				CLANG_WARN_INT_CONVERSION = YES;
				CLANG_WARN_NON_LITERAL_NULL_CONVERSION = YES;
				CLANG_WARN_OBJC_IMPLICIT_RETAIN_SELF = YES;
				CLANG_WARN_OBJC_LITERAL_CONVERSION = YES;
				CLANG_WARN_OBJC_ROOT_CLASS = YES_ERROR;
				CLANG_WARN_QUOTED_INCLUDE_IN_FRAMEWORK_HEADER = YES;
				CLANG_WARN_RANGE_LOOP_ANALYSIS = YES;
				CLANG_WARN_STRICT_PROTOTYPES = YES;
				CLANG_WARN_SUSPICIOUS_MOVE = YES;
				CLANG_WARN_UNGUARDED_AVAILABILITY = YES_AGGRESSIVE;
				CLANG_WARN_UNREACHABLE_CODE = YES;
				CLANG_WARN__DUPLICATE_METHOD_MATCH = YES;
				COPY_PHASE_STRIP = NO;
				DEBUG_INFORMATION_FORMAT = dwarf;
				ENABLE_STRICT_OBJC_MSGSEND = YES;
				ENABLE_TESTABILITY = YES;
				ENABLE_USER_SCRIPT_SANDBOXING = YES;
				GCC_C_LANGUAGE_STANDARD = gnu17;
				GCC_DYNAMIC_NO_PIC = NO;
				GCC_NO_COMMON_BLOCKS = YES;
				GCC_OPTIMIZATION_LEVEL = 0;
				GCC_PREPROCESSOR_DEFINITIONS = (
					"DEBUG=1",
					"$(inherited)",
				);
				GCC_WARN_64_TO_32_BIT_CONVERSION = YES;
				GCC_WARN_ABOUT_RETURN_TYPE = YES_ERROR;
				GCC_WARN_UNDECLARED_SELECTOR = YES;
				GCC_WARN_UNINITIALIZED_AUTOS = YES_AGGRESSIVE;
				GCC_WARN_UNUSED_FUNCTION = YES;
				GCC_WARN_UNUSED_VARIABLE = YES;
				IPHONEOS_DEPLOYMENT_TARGET = 12.0;
				LOCALIZATION_PREFERS_STRING_CATALOGS = YES;
				MTL_ENABLE_DEBUG_INFO = INCLUDE_SOURCE;
				MTL_FAST_MATH = YES;
				ONLY_ACTIVE_ARCH = YES;
				SDKROOT = iphoneos;
				SWIFT_ACTIVE_COMPILATION_CONDITIONS = "DEBUG $(inherited)";
				SWIFT_OPTIMIZATION_LEVEL = "-Onone";
			};
			name = Debug;
		};
		93A3374B2AF0F2DA00D87D16 /* Release */ = {
			isa = XCBuildConfiguration;
			buildSettings = {
				ALWAYS_SEARCH_USER_PATHS = NO;
				ASSETCATALOG_COMPILER_GENERATE_SWIFT_ASSET_SYMBOL_EXTENSIONS = YES;
				CLANG_ANALYZER_NONNULL = YES;
				CLANG_ANALYZER_NUMBER_OBJECT_CONVERSION = YES_AGGRESSIVE;
				CLANG_CXX_LANGUAGE_STANDARD = "gnu++20";
				CLANG_ENABLE_MODULES = YES;
				CLANG_ENABLE_OBJC_ARC = YES;
				CLANG_ENABLE_OBJC_WEAK = YES;
				CLANG_WARN_BLOCK_CAPTURE_AUTORELEASING = YES;
				CLANG_WARN_BOOL_CONVERSION = YES;
				CLANG_WARN_COMMA = YES;
				CLANG_WARN_CONSTANT_CONVERSION = YES;
				CLANG_WARN_DEPRECATED_OBJC_IMPLEMENTATIONS = YES;
				CLANG_WARN_DIRECT_OBJC_ISA_USAGE = YES_ERROR;
				CLANG_WARN_DOCUMENTATION_COMMENTS = YES;
				CLANG_WARN_EMPTY_BODY = YES;
				CLANG_WARN_ENUM_CONVERSION = YES;
				CLANG_WARN_INFINITE_RECURSION = YES;
				CLANG_WARN_INT_CONVERSION = YES;
				CLANG_WARN_NON_LITERAL_NULL_CONVERSION = YES;
				CLANG_WARN_OBJC_IMPLICIT_RETAIN_SELF = YES;
				CLANG_WARN_OBJC_LITERAL_CONVERSION = YES;
				CLANG_WARN_OBJC_ROOT_CLASS = YES_ERROR;
				CLANG_WARN_QUOTED_INCLUDE_IN_FRAMEWORK_HEADER = YES;
				CLANG_WARN_RANGE_LOOP_ANALYSIS = YES;
				CLANG_WARN_STRICT_PROTOTYPES = YES;
				CLANG_WARN_SUSPICIOUS_MOVE = YES;
				CLANG_WARN_UNGUARDED_AVAILABILITY = YES_AGGRESSIVE;
				CLANG_WARN_UNREACHABLE_CODE = YES;
				CLANG_WARN__DUPLICATE_METHOD_MATCH = YES;
				COPY_PHASE_STRIP = NO;
				DEBUG_INFORMATION_FORMAT = "dwarf-with-dsym";
				ENABLE_NS_ASSERTIONS = NO;
				ENABLE_STRICT_OBJC_MSGSEND = YES;
				ENABLE_USER_SCRIPT_SANDBOXING = YES;
				GCC_C_LANGUAGE_STANDARD = gnu17;
				GCC_NO_COMMON_BLOCKS = YES;
				GCC_WARN_64_TO_32_BIT_CONVERSION = YES;
				GCC_WARN_ABOUT_RETURN_TYPE = YES_ERROR;
				GCC_WARN_UNDECLARED_SELECTOR = YES;
				GCC_WARN_UNINITIALIZED_AUTOS = YES_AGGRESSIVE;
				GCC_WARN_UNUSED_FUNCTION = YES;
				GCC_WARN_UNUSED_VARIABLE = YES;
				IPHONEOS_DEPLOYMENT_TARGET = 12.0;
				LOCALIZATION_PREFERS_STRING_CATALOGS = YES;
				MTL_ENABLE_DEBUG_INFO = NO;
				MTL_FAST_MATH = YES;
				SDKROOT = iphoneos;
				SWIFT_COMPILATION_MODE = wholemodule;
				VALIDATE_PRODUCT = YES;
			};
			name = Release;
		};
		93A3374D2AF0F2DA00D87D16 /* Debug */ = {
			isa = XCBuildConfiguration;
			buildSettings = {
				ASSETCATALOG_COMPILER_APPICON_NAME = AppIcon;
				ASSETCATALOG_COMPILER_GLOBAL_ACCENT_COLOR_NAME = AccentColor;
				CODE_SIGN_STYLE = Automatic;
				CURRENT_PROJECT_VERSION = 1;
				DEVELOPMENT_TEAM = CM7N8ZR9N5;
				GENERATE_INFOPLIST_FILE = YES;
				INFOPLIST_FILE = "Movie Poster App/Info.plist";
				INFOPLIST_KEY_UIApplicationSupportsIndirectInputEvents = YES;
				INFOPLIST_KEY_UILaunchStoryboardName = LaunchScreen;
				INFOPLIST_KEY_UIMainStoryboardFile = Main;
				INFOPLIST_KEY_UISupportedInterfaceOrientations_iPad = "UIInterfaceOrientationPortrait UIInterfaceOrientationPortraitUpsideDown UIInterfaceOrientationLandscapeLeft UIInterfaceOrientationLandscapeRight";
				INFOPLIST_KEY_UISupportedInterfaceOrientations_iPhone = "UIInterfaceOrientationPortrait UIInterfaceOrientationLandscapeLeft UIInterfaceOrientationLandscapeRight";
				IPHONEOS_DEPLOYMENT_TARGET = 12.0;
				LD_RUNPATH_SEARCH_PATHS = (
					"$(inherited)",
					"@executable_path/Frameworks",
				);
				MARKETING_VERSION = 1.0;
				PRODUCT_BUNDLE_IDENTIFIER = "com.furkanbasoglu.Movie-Poster-App";
				PRODUCT_NAME = "$(TARGET_NAME)";
				SWIFT_EMIT_LOC_STRINGS = YES;
				SWIFT_VERSION = 5.0;
				TARGETED_DEVICE_FAMILY = "1,2";
			};
			name = Debug;
		};
		93A3374E2AF0F2DA00D87D16 /* Release */ = {
			isa = XCBuildConfiguration;
			buildSettings = {
				ASSETCATALOG_COMPILER_APPICON_NAME = AppIcon;
				ASSETCATALOG_COMPILER_GLOBAL_ACCENT_COLOR_NAME = AccentColor;
				CODE_SIGN_STYLE = Automatic;
				CURRENT_PROJECT_VERSION = 1;
				DEVELOPMENT_TEAM = CM7N8ZR9N5;
				GENERATE_INFOPLIST_FILE = YES;
				INFOPLIST_FILE = "Movie Poster App/Info.plist";
				INFOPLIST_KEY_UIApplicationSupportsIndirectInputEvents = YES;
				INFOPLIST_KEY_UILaunchStoryboardName = LaunchScreen;
				INFOPLIST_KEY_UIMainStoryboardFile = Main;
				INFOPLIST_KEY_UISupportedInterfaceOrientations_iPad = "UIInterfaceOrientationPortrait UIInterfaceOrientationPortraitUpsideDown UIInterfaceOrientationLandscapeLeft UIInterfaceOrientationLandscapeRight";
				INFOPLIST_KEY_UISupportedInterfaceOrientations_iPhone = "UIInterfaceOrientationPortrait UIInterfaceOrientationLandscapeLeft UIInterfaceOrientationLandscapeRight";
				IPHONEOS_DEPLOYMENT_TARGET = 12.0;
				LD_RUNPATH_SEARCH_PATHS = (
					"$(inherited)",
					"@executable_path/Frameworks",
				);
				MARKETING_VERSION = 1.0;
				PRODUCT_BUNDLE_IDENTIFIER = "com.furkanbasoglu.Movie-Poster-App";
				PRODUCT_NAME = "$(TARGET_NAME)";
				SWIFT_EMIT_LOC_STRINGS = YES;
				SWIFT_VERSION = 5.0;
				TARGETED_DEVICE_FAMILY = "1,2";
			};
			name = Release;
		};
		93A337502AF0F2DA00D87D16 /* Debug */ = {
			isa = XCBuildConfiguration;
			buildSettings = {
				ALWAYS_EMBED_SWIFT_STANDARD_LIBRARIES = YES;
				BUNDLE_LOADER = "$(TEST_HOST)";
				CODE_SIGN_STYLE = Automatic;
				CURRENT_PROJECT_VERSION = 1;
				DEVELOPMENT_TEAM = V589SGPG67;
				GENERATE_INFOPLIST_FILE = YES;
				IPHONEOS_DEPLOYMENT_TARGET = 17.0;
				MARKETING_VERSION = 1.0;
				PRODUCT_BUNDLE_IDENTIFIER = "com.furkanbasoglu.Movie-Poster-AppTests";
				PRODUCT_NAME = "$(TARGET_NAME)";
				SWIFT_EMIT_LOC_STRINGS = NO;
				SWIFT_VERSION = 5.0;
				TARGETED_DEVICE_FAMILY = "1,2";
				TEST_HOST = "$(BUILT_PRODUCTS_DIR)/Movie Poster App.app/$(BUNDLE_EXECUTABLE_FOLDER_PATH)/Movie Poster App";
			};
			name = Debug;
		};
		93A337512AF0F2DA00D87D16 /* Release */ = {
			isa = XCBuildConfiguration;
			buildSettings = {
				ALWAYS_EMBED_SWIFT_STANDARD_LIBRARIES = YES;
				BUNDLE_LOADER = "$(TEST_HOST)";
				CODE_SIGN_STYLE = Automatic;
				CURRENT_PROJECT_VERSION = 1;
				DEVELOPMENT_TEAM = V589SGPG67;
				GENERATE_INFOPLIST_FILE = YES;
				IPHONEOS_DEPLOYMENT_TARGET = 17.0;
				MARKETING_VERSION = 1.0;
				PRODUCT_BUNDLE_IDENTIFIER = "com.furkanbasoglu.Movie-Poster-AppTests";
				PRODUCT_NAME = "$(TARGET_NAME)";
				SWIFT_EMIT_LOC_STRINGS = NO;
				SWIFT_VERSION = 5.0;
				TARGETED_DEVICE_FAMILY = "1,2";
				TEST_HOST = "$(BUILT_PRODUCTS_DIR)/Movie Poster App.app/$(BUNDLE_EXECUTABLE_FOLDER_PATH)/Movie Poster App";
			};
			name = Release;
		};
		93A337532AF0F2DA00D87D16 /* Debug */ = {
			isa = XCBuildConfiguration;
			buildSettings = {
				ALWAYS_EMBED_SWIFT_STANDARD_LIBRARIES = YES;
				CODE_SIGN_STYLE = Automatic;
				CURRENT_PROJECT_VERSION = 1;
				DEVELOPMENT_TEAM = V589SGPG67;
				GENERATE_INFOPLIST_FILE = YES;
				MARKETING_VERSION = 1.0;
				PRODUCT_BUNDLE_IDENTIFIER = "com.furkanbasoglu.Movie-Poster-AppUITests";
				PRODUCT_NAME = "$(TARGET_NAME)";
				SWIFT_EMIT_LOC_STRINGS = NO;
				SWIFT_VERSION = 5.0;
				TARGETED_DEVICE_FAMILY = "1,2";
				TEST_TARGET_NAME = "Movie Poster App";
			};
			name = Debug;
		};
		93A337542AF0F2DA00D87D16 /* Release */ = {
			isa = XCBuildConfiguration;
			buildSettings = {
				ALWAYS_EMBED_SWIFT_STANDARD_LIBRARIES = YES;
				CODE_SIGN_STYLE = Automatic;
				CURRENT_PROJECT_VERSION = 1;
				DEVELOPMENT_TEAM = V589SGPG67;
				GENERATE_INFOPLIST_FILE = YES;
				MARKETING_VERSION = 1.0;
				PRODUCT_BUNDLE_IDENTIFIER = "com.furkanbasoglu.Movie-Poster-AppUITests";
				PRODUCT_NAME = "$(TARGET_NAME)";
				SWIFT_EMIT_LOC_STRINGS = NO;
				SWIFT_VERSION = 5.0;
				TARGETED_DEVICE_FAMILY = "1,2";
				TEST_TARGET_NAME = "Movie Poster App";
			};
			name = Release;
		};
/* End XCBuildConfiguration section */

/* Begin XCConfigurationList section */
		93A3371D2AF0F2D800D87D16 /* Build configuration list for PBXProject "Movie Poster App" */ = {
			isa = XCConfigurationList;
			buildConfigurations = (
				93A3374A2AF0F2DA00D87D16 /* Debug */,
				93A3374B2AF0F2DA00D87D16 /* Release */,
			);
			defaultConfigurationIsVisible = 0;
			defaultConfigurationName = Release;
		};
		93A3374C2AF0F2DA00D87D16 /* Build configuration list for PBXNativeTarget "Movie Poster App" */ = {
			isa = XCConfigurationList;
			buildConfigurations = (
				93A3374D2AF0F2DA00D87D16 /* Debug */,
				93A3374E2AF0F2DA00D87D16 /* Release */,
			);
			defaultConfigurationIsVisible = 0;
			defaultConfigurationName = Release;
		};
		93A3374F2AF0F2DA00D87D16 /* Build configuration list for PBXNativeTarget "Movie Poster AppTests" */ = {
			isa = XCConfigurationList;
			buildConfigurations = (
				93A337502AF0F2DA00D87D16 /* Debug */,
				93A337512AF0F2DA00D87D16 /* Release */,
			);
			defaultConfigurationIsVisible = 0;
			defaultConfigurationName = Release;
		};
		93A337522AF0F2DA00D87D16 /* Build configuration list for PBXNativeTarget "Movie Poster AppUITests" */ = {
			isa = XCConfigurationList;
			buildConfigurations = (
				93A337532AF0F2DA00D87D16 /* Debug */,
				93A337542AF0F2DA00D87D16 /* Release */,
			);
			defaultConfigurationIsVisible = 0;
			defaultConfigurationName = Release;
		};
/* End XCConfigurationList section */
	};
	rootObject = 93A3371A2AF0F2D800D87D16 /* Project object */;
}
